{
  "name": "@darkwolf/validator.mjs",
  "version": "1.0.2",
  "lockfileVersion": 1,
  "requires": true,
  "dependencies": {
    "@darkwolf/custom-error.mjs": {
      "version": "1.0.1",
      "resolved": "https://registry.npmjs.org/@darkwolf/custom-error.mjs/-/custom-error.mjs-1.0.1.tgz",
      "integrity": "sha512-3JoJIpH6CXZ28rNyNWuIyQus9q/7oGIIUi8j5pzh7VhUUWyca3O8o9NKW3SQkwCie6GlQKuu/X/XDh6OByeYrQ=="
    },
    "@darkwolf/helper.mjs": {
      "version": "1.0.6",
      "resolved": "https://registry.npmjs.org/@darkwolf/helper.mjs/-/helper.mjs-1.0.6.tgz",
      "integrity": "sha512-eljHDwn7gl3+VwQWRZoyEcyJKpu7Jo4qQkUjZRptH5IZvehR1ZWC1hn2hGTYvsc08CvOMMFmWnKDKpm31SY/kg=="
    }
  }
}
