{
  "name": "@darkwolf/validator.cjs",
  "version": "1.0.0",
  "lockfileVersion": 1,
  "requires": true,
  "dependencies": {
    "@darkwolf/custom-error.cjs": {
      "version": "1.0.1",
      "resolved": "https://registry.npmjs.org/@darkwolf/custom-error.cjs/-/custom-error.cjs-1.0.1.tgz",
      "integrity": "sha512-HKwi0ysb44xgb+ySxjP0MTrkVFdHIWA6RRmaX3R9sfEM1cPwGOs5+hu5rvQaEjg0pNw6swa9xTzKrPmgCXnuRA=="
    },
    "@darkwolf/helper.cjs": {
      "version": "1.0.5",
      "resolved": "https://registry.npmjs.org/@darkwolf/helper.cjs/-/helper.cjs-1.0.5.tgz",
      "integrity": "sha512-/qD1ENRmMu+2jNYb32xbRisSCaduNxVB+T6kj7WzuP6d0K9zZDnlKRTHCEJZWf8HLLr7CpyLNJrO55NoTr2MnA=="
    }
  }
}
