{
  "name": "@darkwolf/validator.cjs",
  "version": "1.0.3",
  "lockfileVersion": 1,
  "requires": true,
  "dependencies": {
    "@darkwolf/custom-error.cjs": {
      "version": "1.0.1",
      "resolved": "https://registry.npmjs.org/@darkwolf/custom-error.cjs/-/custom-error.cjs-1.0.1.tgz",
      "integrity": "sha512-HKwi0ysb44xgb+ySxjP0MTrkVFdHIWA6RRmaX3R9sfEM1cPwGOs5+hu5rvQaEjg0pNw6swa9xTzKrPmgCXnuRA=="
    },
    "@darkwolf/helper.cjs": {
      "version": "1.1.0",
      "resolved": "https://registry.npmjs.org/@darkwolf/helper.cjs/-/helper.cjs-1.1.0.tgz",
      "integrity": "sha512-g5yh8Au2k7mvatq4RrqnidcH83kyGqzSXV7zWXZIh4L9kxCpr5y20WWkJ1dEGQBA406IoUGZbFcwJowr/kGrRw=="
    }
  }
}
